// !$*UTF8*$!
{
	archiveVersion = 1;
	classes = {
	};
	objectVersion = 46;
	objects = {

/* Begin PBXBuildFile section */
		6D4577E11C2E18FB003F19EB /* AppDelegate.swift in Sources */ = {isa = PBXBuildFile; fileRef = 6D4577E01C2E18FB003F19EB /* AppDelegate.swift */; };
		6D4577E31C2E18FB003F19EB /* ViewController.swift in Sources */ = {isa = PBXBuildFile; fileRef = 6D4577E21C2E18FB003F19EB /* ViewController.swift */; };
		6D4577E61C2E18FB003F19EB /* Main.storyboard in Resources */ = {isa = PBXBuildFile; fileRef = 6D4577E41C2E18FB003F19EB /* Main.storyboard */; };
		6D4577E81C2E18FB003F19EB /* Assets.xcassets in Resources */ = {isa = PBXBuildFile; fileRef = 6D4577E71C2E18FB003F19EB /* Assets.xcassets */; };
		6D4577EB1C2E18FB003F19EB /* LaunchScreen.storyboard in Resources */ = {isa = PBXBuildFile; fileRef = 6D4577E91C2E18FB003F19EB /* LaunchScreen.storyboard */; };
/* End PBXBuildFile section */

/* Begin PBXFileReference section */
		6D4577DD1C2E18FB003F19EB /* fusion1.app */ = {isa = PBXFileReference; explicitFileType = wrapper.application; includeInIndex = 0; path = fusion1.app; sourceTree = BUILT_PRODUCTS_DIR; };
		6D4577E01C2E18FB003F19EB /* AppDelegate.swift */ = {isa = PBXFileReference; lastKnownFileType = sourcecode.swift; path = AppDelegate.swift; sourceTree = "<group>"; };
		6D4577E21C2E18FB003F19EB /* ViewController.swift */ = {isa = PBXFileReference; lastKnownFileType = sourcecode.swift; path = ViewController.swift; sourceTree = "<group>"; };
		6D4577E51C2E18FB003F19EB /* Base */ = {isa = PBXFileReference; lastKnownFileType = file.storyboard; name = Base; path = Base.lproj/Main.storyboard; sourceTree = "<group>"; };
		6D4577E71C2E18FB003F19EB /* Assets.xcassets */ = {isa = PBXFileReference; lastKnownFileType = folder.assetcatalog; path = Assets.xcassets; sourceTree = "<group>"; };
		6D4577EA1C2E18FB003F19EB /* Base */ = {isa = PBXFileReference; lastKnownFileType = file.storyboard; name = Base; path = Base.lproj/LaunchScreen.storyboard; sourceTree = "<group>"; };
		6D4577EC1C2E18FB003F19EB /* Info.plist */ = {isa = PBXFileReference; lastKnownFileType = text.plist.xml; path = Info.plist; sourceTree = "<group>"; };
/* End PBXFileReference section */

/* Begin PBXFrameworksBuildPhase section */
		6D4577DA1C2E18FB003F19EB /* Frameworks */ = {
			isa = PBXFrameworksBuildPhase;
			buildActionMask = 2147483647;
			files = (
			);
			runOnlyForDeploymentPostprocessing = 0;
		};
/* End PBXFrameworksBuildPhase section */

/* Begin PBXGroup section */
		6D4577D41C2E18FB003F19EB = {
			isa = PBXGroup;
			children = (
				6D4577DF1C2E18FB003F19EB /* fusion1 */,
				6D4577DE1C2E18FB003F19EB /* Products */,
			);
			sourceTree = "<group>";
		};
		6D4577DE1C2E18FB003F19EB /* Products */ = {
			isa = PBXGroup;
			children = (
				6D4577DD1C2E18FB003F19EB /* fusion1.app */,
			);
			name = Products;
			sourceTree = "<group>";
		};
		6D4577DF1C2E18FB003F19EB /* fusion1 */ = {
			isa = PBXGroup;
			children = (
				6D4577E01C2E18FB003F19EB /* AppDelegate.swift */,
				6D4577E21C2E18FB003F19EB /* ViewController.swift */,
				6D4577E41C2E18FB003F19EB /* Main.storyboard */,
				6D4577E71C2E18FB003F19EB /* Assets.xcassets */,
				6D4577E91C2E18FB003F19EB /* LaunchScreen.storyboard */,
				6D4577EC1C2E18FB003F19EB /* Info.plist */,
			);
			path = fusion1;
			sourceTree = "<group>";
		};
/* End PBXGroup section */

/* Begin PBXNativeTarget section */
		6D4577DC1C2E18FB003F19EB /* fusion1 */ = {
			isa = PBXNativeTarget;
			buildConfigurationList = 6D4577EF1C2E18FB003F19EB /* Build configuration list for PBXNativeTarget "fusion1" */;
			buildPhases = (
				6D4577D91C2E18FB003F19EB /* Sources */,
				6D4577DA1C2E18FB003F19EB /* Frameworks */,
				6D4577DB1C2E18FB003F19EB /* Resources */,
			);
			buildRules = (
			);
			dependencies = (
			);
			name = fusion1;
			productName = fusion1;
			productReference = 6D4577DD1C2E18FB003F19EB /* fusion1.app */;
			productType = "com.apple.product-type.application";
		};
/* End PBXNativeTarget section */

/* Begin PBXProject section */
		6D4577D51C2E18FB003F19EB /* Project object */ = {
			isa = PBXProject;
			attributes = {
				LastSwiftUpdateCheck = 0710;
				LastUpgradeCheck = 0710;
				ORGANIZATIONNAME = "Soni, Rakesh";
				TargetAttributes = {
					6D4577DC1C2E18FB003F19EB = {
						CreatedOnToolsVersion = 7.1;
						DevelopmentTeam = 6HK3ZSZ376;
					};
				};
			};
			buildConfigurationList = 6D4577D81C2E18FB003F19EB /* Build configuration list for PBXProject "fusion1" */;
			compatibilityVersion = "Xcode 3.2";
			developmentRegion = English;
			hasScannedForEncodings = 0;
			knownRegions = (
				en,
				Base,
			);
			mainGroup = 6D4577D41C2E18FB003F19EB;
			productRefGroup = 6D4577DE1C2E18FB003F19EB /* Products */;
			projectDirPath = "";
			projectRoot = "";
			targets = (
				6D4577DC1C2E18FB003F19EB /* fusion1 */,
			);
		};
/* End PBXProject section */

/* Begin PBXResourcesBuildPhase section */
		6D4577DB1C2E18FB003F19EB /* Resources */ = {
			isa = PBXResourcesBuildPhase;
			buildActionMask = 2147483647;
			files = (
				6D4577EB1C2E18FB003F19EB /* LaunchScreen.storyboard in Resources */,
				6D4577E81C2E18FB003F19EB /* Assets.xcassets in Resources */,
				6D4577E61C2E18FB003F19EB /* Main.storyboard in Resources */,
			);
			runOnlyForDeploymentPostprocessing = 0;
		};
/* End PBXResourcesBuildPhase section */

/* Begin PBXSourcesBuildPhase section */
		6D4577D91C2E18FB003F19EB /* Sources */ = {
			isa = PBXSourcesBuildPhase;
			buildActionMask = 2147483647;
			files = (
				6D4577E31C2E18FB003F19EB /* ViewController.swift in Sources */,
				6D4577E11C2E18FB003F19EB /* AppDelegate.swift in Sources */,
			);
			runOnlyForDeploymentPostprocessing = 0;
		};
/* End PBXSourcesBuildPhase section */

/* Begin PBXVariantGroup section */
		6D4577E41C2E18FB003F19EB /* Main.storyboard */ = {
			isa = PBXVariantGroup;
			children = (
				6D4577E51C2E18FB003F19EB /* Base */,
			);
			name = Main.storyboard;
			sourceTree = "<group>";
		};
		6D4577E91C2E18FB003F19EB /* LaunchScreen.storyboard */ = {
			isa = PBXVariantGroup;
			children = (
				6D4577EA1C2E18FB003F19EB /* Base */,
			);
			name = LaunchScreen.storyboard;
			sourceTree = "<group>";
		};
/* End PBXVariantGroup section */

/* Begin XCBuildConfiguration section */
		6D4577ED1C2E18FB003F19EB /* Debug */ = {
			isa = XCBuildConfiguration;
			buildSettings = {
				ALWAYS_SEARCH_USER_PATHS = NO;
				CLANG_CXX_LANGUAGE_STANDARD = "gnu++0x";
				CLANG_CXX_LIBRARY = "libc++";
				CLANG_ENABLE_MODULES = YES;
				CLANG_ENABLE_OBJC_ARC = YES;
				CLANG_WARN_BOOL_CONVERSION = YES;
				CLANG_WARN_CONSTANT_CONVERSION = YES;
				CLANG_WARN_DIRECT_OBJC_ISA_USAGE = YES_ERROR;
				CLANG_WARN_EMPTY_BODY = YES;
				CLANG_WARN_ENUM_CONVERSION = YES;
				CLANG_WARN_INT_CONVERSION = YES;
				CLANG_WARN_OBJC_ROOT_CLASS = YES_ERROR;
				CLANG_WARN_UNREACHABLE_CODE = YES;
				CLANG_WARN__DUPLICATE_METHOD_MATCH = YES;
				"CODE_SIGN_IDENTITY[sdk=iphoneos*]" = "iPhone Developer";
				COPY_PHASE_STRIP = NO;
				DEBUG_INFORMATION_FORMAT = dwarf;
				ENABLE_STRICT_OBJC_MSGSEND = YES;
				ENABLE_TESTABILITY = YES;
				GCC_C_LANGUAGE_STANDARD = gnu99;
				GCC_DYNAMIC_NO_PIC = NO;
				GCC_NO_COMMON_BLOCKS = YES;
				GCC_OPTIMIZATION_LEVEL = 0;
				GCC_PREPROCESSOR_DEFINITIONS = (
					"DEBUG=1",
					"$(inherited)",
				);
				GCC_WARN_64_TO_32_BIT_CONVERSION = YES;
				GCC_WARN_ABOUT_RETURN_TYPE = YES_ERROR;
				GCC_WARN_UNDECLARED_SELECTOR = YES;
				GCC_WARN_UNINITIALIZED_AUTOS = YES_AGGRESSIVE;
				GCC_WARN_UNUSED_FUNCTION = YES;
				GCC_WARN_UNUSED_VARIABLE = YES;
				IPHONEOS_DEPLOYMENT_TARGET = 9.1;
				MTL_ENABLE_DEBUG_INFO = YES;
				ONLY_ACTIVE_ARCH = YES;
				SDKROOT = iphoneos;
				SWIFT_OPTIMIZATION_LEVEL = "-Onone";
			};
			name = Debug;
		};
		6D4577EE1C2E18FB003F19EB /* Release */ = {
			isa = XCBuildConfiguration;
			buildSettings = {
				ALWAYS_SEARCH_USER_PATHS = NO;
				CLANG_CXX_LANGUAGE_STANDARD = "gnu++0x";
				CLANG_CXX_LIBRARY = "libc++";
				CLANG_ENABLE_MODULES = YES;
				CLANG_ENABLE_OBJC_ARC = YES;
				CLANG_WARN_BOOL_CONVERSION = YES;
				CLANG_WARN_CONSTANT_CONVERSION = YES;
				CLANG_WARN_DIRECT_OBJC_ISA_USAGE = YES_ERROR;
				CLANG_WARN_EMPTY_BODY = YES;
				CLANG_WARN_ENUM_CONVERSION = YES;
				CLANG_WARN_INT_CONVERSION = YES;
				CLANG_WARN_OBJC_ROOT_CLASS = YES_ERROR;
				CLANG_WARN_UNREACHABLE_CODE = YES;
				CLANG_WARN__DUPLICATE_METHOD_MATCH = YES;
				"CODE_SIGN_IDENTITY[sdk=iphoneos*]" = "iPhone Developer";
				COPY_PHASE_STRIP = NO;
				DEBUG_INFORMATION_FORMAT = "dwarf-with-dsym";
				ENABLE_NS_ASSERTIONS = NO;
				ENABLE_STRICT_OBJC_MSGSEND = YES;
				GCC_C_LANGUAGE_STANDARD = gnu99;
				GCC_NO_COMMON_BLOCKS = YES;
				GCC_WARN_64_TO_32_BIT_CONVERSION = YES;
				GCC_WARN_ABOUT_RETURN_TYPE = YES_ERROR;
				GCC_WARN_UNDECLARED_SELECTOR = YES;
				GCC_WARN_UNINITIALIZED_AUTOS = YES_AGGRESSIVE;
				GCC_WARN_UNUSED_FUNCTION = YES;
				GCC_WARN_UNUSED_VARIABLE = YES;
				IPHONEOS_DEPLOYMENT_TARGET = 9.1;
				MTL_ENABLE_DEBUG_INFO = NO;
				SDKROOT = iphoneos;
				VALIDATE_PRODUCT = YES;
			};
			name = Release;
		};
		6D4577F01C2E18FB003F19EB /* Debug */ = {
			isa = XCBuildConfiguration;
			buildSettings = {
				ASSETCATALOG_COMPILER_APPICON_NAME = AppIcon;
				INFOPLIST_FILE = fusion1/Info.plist;
				LD_RUNPATH_SEARCH_PATHS = "$(inherited) @executable_path/Frameworks";
				PRODUCT_BUNDLE_IDENTIFIER = com.paypal.fusion1;
				PRODUCT_NAME = "$(TARGET_NAME)";
			};
			name = Debug;
		};
		6D4577F11C2E18FB003F19EB /* Release */ = {
			isa = XCBuildConfiguration;
			buildSettings = {
				ASSETCATALOG_COMPILER_APPICON_NAME = AppIcon;
				INFOPLIST_FILE = fusion1/Info.plist;
				LD_RUNPATH_SEARCH_PATHS = "$(inherited) @executable_path/Frameworks";
				PRODUCT_BUNDLE_IDENTIFIER = com.paypal.fusion1;
				PRODUCT_NAME = "$(TARGET_NAME)";
			};
			name = Release;
		};
/* End XCBuildConfiguration section */

/* Begin XCConfigurationList section */
		6D4577D81C2E18FB003F19EB /* Build configuration list for PBXProject "fusion1" */ = {
			isa = XCConfigurationList;
			buildConfigurations = (
				6D4577ED1C2E18FB003F19EB /* Debug */,
				6D4577EE1C2E18FB003F19EB /* Release */,
			);
			defaultConfigurationIsVisible = 0;
			defaultConfigurationName = Release;
		};
		6D4577EF1C2E18FB003F19EB /* Build configuration list for PBXNativeTarget "fusion1" */ = {
			isa = XCConfigurationList;
			buildConfigurations = (
				6D4577F01C2E18FB003F19EB /* Debug */,
				6D4577F11C2E18FB003F19EB /* Release */,
			);
			defaultConfigurationIsVisible = 0;
		};
/* End XCConfigurationList section */
	};
	rootObject = 6D4577D51C2E18FB003F19EB /* Project object */;
}
